
Microsoft Visual Studio Solution File, Format Version 12.00
# Visual Studio 15
VisualStudioVersion = 15.0.27428.2005
MinimumVisualStudioVersion = 10.0.40219.1
Project("{FAE04EC0-301F-11D3-BF4B-00C04F79EFBC}") = "CsvHelper.Fluent", "CsvHelper.Fluent\CsvHelper.Fluent.csproj", "{78B04BB7-6F6F-4CA8-8E68-6851F012F6A1}"
EndProject
Project("{FAE04EC0-301F-11D3-BF4B-00C04F79EFBC}") = "CsvHelper.Fluent.Tests", "CsvHelper.Fluent.Tests\CsvHelper.Fluent.Tests.csproj", "{47EE21EE-6E27-462C-BEF2-A7C71A872638}"
EndProject
Global
	GlobalSection(SolutionConfigurationPlatforms) = preSolution
		Debug|Any CPU = Debug|Any CPU
		Release|Any CPU = Release|Any CPU
	EndGlobalSection
	GlobalSection(ProjectConfigurationPlatforms) = postSolution
		{78B04BB7-6F6F-4CA8-8E68-6851F012F6A1}.Debug|Any CPU.ActiveCfg = Debug|Any CPU
		{78B04BB7-6F6F-4CA8-8E68-6851F012F6A1}.Debug|Any CPU.Build.0 = Debug|Any CPU
		{78B04BB7-6F6F-4CA8-8E68-6851F012F6A1}.Release|Any CPU.ActiveCfg = Release|Any CPU
		{78B04BB7-6F6F-4CA8-8E68-6851F012F6A1}.Release|Any CPU.Build.0 = Release|Any CPU
		{47EE21EE-6E27-462C-BEF2-A7C71A872638}.Debug|Any CPU.ActiveCfg = Debug|Any CPU
		{47EE21EE-6E27-462C-BEF2-A7C71A872638}.Debug|Any CPU.Build.0 = Debug|Any CPU
		{47EE21EE-6E27-462C-BEF2-A7C71A872638}.Release|Any CPU.ActiveCfg = Release|Any CPU
		{47EE21EE-6E27-462C-BEF2-A7C71A872638}.Release|Any CPU.Build.0 = Release|Any CPU
	EndGlobalSection
	GlobalSection(SolutionProperties) = preSolution
		HideSolutionNode = FALSE
	EndGlobalSection
	GlobalSection(ExtensibilityGlobals) = postSolution
		SolutionGuid = {13C27FCF-29C4-49CC-BC75-8A47C9031DF2}
	EndGlobalSection
EndGlobal
